{
  "pins" : [
    {
      "identity" : "linechartview",
      "kind" : "remoteSourceControl",
      "location" : "https://github.com/Jonathan-Gander/LineChartView",
      "state" : {
        "branch" : "main",
        "revision" : "91416f04a04ad3117e4fe58c35a24bb66e57ebb4"
      }
    },
    {
      "identity" : "neumorphic",
      "kind" : "remoteSourceControl",
      "location" : "https://github.com/costachung/neumorphic",
      "state" : {
        "branch" : "master",
        "revision" : "ece63559ba075e2546600450c37cde82cc463537"
      }
    },
    {
      "identity" : "scenekit-scnline",
      "kind" : "remoteSourceControl",
      "location" : "https://github.com/maxxfrazer/SceneKit-SCNLine.git",
      "state" : {
        "branch" : "main",
        "revision" : "00bd83f3affae23a0a9375d1b1e4b58f5c3471d0"
      }
    }
  ],
  "version" : 2
}
